
Microsoft Visual Studio Solution File, Format Version 12.00
# Visual Studio Version 16
VisualStudioVersion = 16.0.31313.79
MinimumVisualStudioVersion = 10.0.40219.1
Project("{9A19103F-16F7-4668-BE54-9A1E7A4F7556}") = "Product.API", "ProductMicroservice\Product.API.csproj", "{A7D65B0F-7DB2-41D2-92FA-8ED52D09E470}"
EndProject
Project("{9A19103F-16F7-4668-BE54-9A1E7A4F7556}") = "ShoppingCart.Api", "ShopCartMicroservice\ShoppingCart.Api.csproj", "{200D4452-FEEB-441D-A4A6-AC9DF71ABBA2}"
EndProject
Project("{2150E333-8FDC-42A3-9474-1A3956D46DE8}") = "Services", "Services", "{DCADAACB-ED1B-42C3-8397-35DCD99D42BC}"
EndProject
Project("{2150E333-8FDC-42A3-9474-1A3956D46DE8}") = "Product", "Product", "{DE803BD1-863A-44A5-A787-6E7EA43E4D50}"
EndProject
Project("{2150E333-8FDC-42A3-9474-1A3956D46DE8}") = "Shopping Cart", "Shopping Cart", "{15CC5967-3587-4B6E-A88F-642D8B0933AA}"
EndProject
Project("{2150E333-8FDC-42A3-9474-1A3956D46DE8}") = "Web Apps", "Web Apps", "{EB27665C-37C1-45F5-A0E0-972985AA8016}"
EndProject
Project("{2150E333-8FDC-42A3-9474-1A3956D46DE8}") = "Identity", "Identity", "{3C2B6484-0DD4-4B29-951B-015C3E35880F}"
EndProject
Project("{9A19103F-16F7-4668-BE54-9A1E7A4F7556}") = "Product.Core", "Product.Core\Product.Core.csproj", "{FD977842-D28A-4451-939A-A20CDD82B6A3}"
EndProject
Project("{9A19103F-16F7-4668-BE54-9A1E7A4F7556}") = "Product.Infrastructure", "Product.Data\Product.Infrastructure.csproj", "{24686929-5C1D-478E-AE0A-222539D44D44}"
EndProject
Project("{9A19103F-16F7-4668-BE54-9A1E7A4F7556}") = "Product.Shared", "Product.Shared\Product.Shared.csproj", "{4A2651B8-8C62-4BA6-A2B2-870F29E49727}"
EndProject
Project("{2150E333-8FDC-42A3-9474-1A3956D46DE8}") = "Ordering", "Ordering", "{1CCA07F7-AB40-44DC-B5BD-9071FE2FFEB7}"
EndProject
Project("{9A19103F-16F7-4668-BE54-9A1E7A4F7556}") = "Ordering.Shared", "Ordering.Shared\Ordering.Shared.csproj", "{49C9D4A9-E37C-42A4-A756-66934DCC0354}"
EndProject
Project("{9A19103F-16F7-4668-BE54-9A1E7A4F7556}") = "Ordering.API", "OrderingAPI\Ordering.API.csproj", "{DDFC4059-1EB0-4BEB-98DA-A8F2E06F8362}"
EndProject
Project("{9A19103F-16F7-4668-BE54-9A1E7A4F7556}") = "Ordering.Infrastructure", "Ordering.Infrastructure\Ordering.Infrastructure.csproj", "{026A9D22-C4F7-4B12-8139-1077C8947AE0}"
EndProject
Project("{9A19103F-16F7-4668-BE54-9A1E7A4F7556}") = "Ordering.Core", "Ordering.Core\Ordering.Core.csproj", "{93E055AE-9952-4739-9FB1-DAD1A2D83447}"
EndProject
Project("{9A19103F-16F7-4668-BE54-9A1E7A4F7556}") = "ShoppingCart.Core", "ShoppingCart.Core\ShoppingCart.Core.csproj", "{BA051392-78D6-4F1E-97CD-43320715B990}"
EndProject
Project("{9A19103F-16F7-4668-BE54-9A1E7A4F7556}") = "ShoppingCart.Infrastructure", "ShoppingCart.Infrastructure\ShoppingCart.Infrastructure.csproj", "{86F9FF07-BE5F-4262-A373-4DB7FF8DD8D7}"
EndProject
Project("{9A19103F-16F7-4668-BE54-9A1E7A4F7556}") = "ShoppingCart.Shared", "ShoppingCart.Shared\ShoppingCart.Shared.csproj", "{C3F552D8-3233-4A36-AE4E-C2E25D147CC6}"
EndProject
Project("{9A19103F-16F7-4668-BE54-9A1E7A4F7556}") = "IdentityServer", "IdentityServer\IdentityServer\IdentityServer.csproj", "{B3A1A1C6-B222-4928-A2C5-8E3837BE02AF}"
EndProject
Project("{2150E333-8FDC-42A3-9474-1A3956D46DE8}") = "Payment", "Payment", "{BD8848A7-5716-49F2-A657-661154D961D8}"
EndProject
Project("{9A19103F-16F7-4668-BE54-9A1E7A4F7556}") = "Payment.API", "Payment.API\Payment.API.csproj", "{63A3D806-5155-4946-B4F0-EEBE31FFC617}"
EndProject
Project("{9A19103F-16F7-4668-BE54-9A1E7A4F7556}") = "PlantMarket", "PlantMarket\PlantMarket.csproj", "{CE8B8725-C42A-4003-B8C7-502A6CFEDF4E}"
EndProject
Global
	GlobalSection(SolutionConfigurationPlatforms) = preSolution
		Debug|Any CPU = Debug|Any CPU
		Release|Any CPU = Release|Any CPU
	EndGlobalSection
	GlobalSection(ProjectConfigurationPlatforms) = postSolution
		{A7D65B0F-7DB2-41D2-92FA-8ED52D09E470}.Debug|Any CPU.ActiveCfg = Debug|Any CPU
		{A7D65B0F-7DB2-41D2-92FA-8ED52D09E470}.Debug|Any CPU.Build.0 = Debug|Any CPU
		{A7D65B0F-7DB2-41D2-92FA-8ED52D09E470}.Release|Any CPU.ActiveCfg = Release|Any CPU
		{A7D65B0F-7DB2-41D2-92FA-8ED52D09E470}.Release|Any CPU.Build.0 = Release|Any CPU
		{200D4452-FEEB-441D-A4A6-AC9DF71ABBA2}.Debug|Any CPU.ActiveCfg = Debug|Any CPU
		{200D4452-FEEB-441D-A4A6-AC9DF71ABBA2}.Debug|Any CPU.Build.0 = Debug|Any CPU
		{200D4452-FEEB-441D-A4A6-AC9DF71ABBA2}.Release|Any CPU.ActiveCfg = Release|Any CPU
		{200D4452-FEEB-441D-A4A6-AC9DF71ABBA2}.Release|Any CPU.Build.0 = Release|Any CPU
		{FD977842-D28A-4451-939A-A20CDD82B6A3}.Debug|Any CPU.ActiveCfg = Debug|Any CPU
		{FD977842-D28A-4451-939A-A20CDD82B6A3}.Debug|Any CPU.Build.0 = Debug|Any CPU
		{FD977842-D28A-4451-939A-A20CDD82B6A3}.Release|Any CPU.ActiveCfg = Release|Any CPU
		{FD977842-D28A-4451-939A-A20CDD82B6A3}.Release|Any CPU.Build.0 = Release|Any CPU
		{24686929-5C1D-478E-AE0A-222539D44D44}.Debug|Any CPU.ActiveCfg = Debug|Any CPU
		{24686929-5C1D-478E-AE0A-222539D44D44}.Debug|Any CPU.Build.0 = Debug|Any CPU
		{24686929-5C1D-478E-AE0A-222539D44D44}.Release|Any CPU.ActiveCfg = Release|Any CPU
		{24686929-5C1D-478E-AE0A-222539D44D44}.Release|Any CPU.Build.0 = Release|Any CPU
		{4A2651B8-8C62-4BA6-A2B2-870F29E49727}.Debug|Any CPU.ActiveCfg = Debug|Any CPU
		{4A2651B8-8C62-4BA6-A2B2-870F29E49727}.Debug|Any CPU.Build.0 = Debug|Any CPU
		{4A2651B8-8C62-4BA6-A2B2-870F29E49727}.Release|Any CPU.ActiveCfg = Release|Any CPU
		{4A2651B8-8C62-4BA6-A2B2-870F29E49727}.Release|Any CPU.Build.0 = Release|Any CPU
		{49C9D4A9-E37C-42A4-A756-66934DCC0354}.Debug|Any CPU.ActiveCfg = Debug|Any CPU
		{49C9D4A9-E37C-42A4-A756-66934DCC0354}.Debug|Any CPU.Build.0 = Debug|Any CPU
		{49C9D4A9-E37C-42A4-A756-66934DCC0354}.Release|Any CPU.ActiveCfg = Release|Any CPU
		{49C9D4A9-E37C-42A4-A756-66934DCC0354}.Release|Any CPU.Build.0 = Release|Any CPU
		{DDFC4059-1EB0-4BEB-98DA-A8F2E06F8362}.Debug|Any CPU.ActiveCfg = Debug|Any CPU
		{DDFC4059-1EB0-4BEB-98DA-A8F2E06F8362}.Debug|Any CPU.Build.0 = Debug|Any CPU
		{DDFC4059-1EB0-4BEB-98DA-A8F2E06F8362}.Release|Any CPU.ActiveCfg = Release|Any CPU
		{DDFC4059-1EB0-4BEB-98DA-A8F2E06F8362}.Release|Any CPU.Build.0 = Release|Any CPU
		{026A9D22-C4F7-4B12-8139-1077C8947AE0}.Debug|Any CPU.ActiveCfg = Debug|Any CPU
		{026A9D22-C4F7-4B12-8139-1077C8947AE0}.Debug|Any CPU.Build.0 = Debug|Any CPU
		{026A9D22-C4F7-4B12-8139-1077C8947AE0}.Release|Any CPU.ActiveCfg = Release|Any CPU
		{026A9D22-C4F7-4B12-8139-1077C8947AE0}.Release|Any CPU.Build.0 = Release|Any CPU
		{93E055AE-9952-4739-9FB1-DAD1A2D83447}.Debug|Any CPU.ActiveCfg = Debug|Any CPU
		{93E055AE-9952-4739-9FB1-DAD1A2D83447}.Debug|Any CPU.Build.0 = Debug|Any CPU
		{93E055AE-9952-4739-9FB1-DAD1A2D83447}.Release|Any CPU.ActiveCfg = Release|Any CPU
		{93E055AE-9952-4739-9FB1-DAD1A2D83447}.Release|Any CPU.Build.0 = Release|Any CPU
		{BA051392-78D6-4F1E-97CD-43320715B990}.Debug|Any CPU.ActiveCfg = Debug|Any CPU
		{BA051392-78D6-4F1E-97CD-43320715B990}.Debug|Any CPU.Build.0 = Debug|Any CPU
		{BA051392-78D6-4F1E-97CD-43320715B990}.Release|Any CPU.ActiveCfg = Release|Any CPU
		{BA051392-78D6-4F1E-97CD-43320715B990}.Release|Any CPU.Build.0 = Release|Any CPU
		{86F9FF07-BE5F-4262-A373-4DB7FF8DD8D7}.Debug|Any CPU.ActiveCfg = Debug|Any CPU
		{86F9FF07-BE5F-4262-A373-4DB7FF8DD8D7}.Debug|Any CPU.Build.0 = Debug|Any CPU
		{86F9FF07-BE5F-4262-A373-4DB7FF8DD8D7}.Release|Any CPU.ActiveCfg = Release|Any CPU
		{86F9FF07-BE5F-4262-A373-4DB7FF8DD8D7}.Release|Any CPU.Build.0 = Release|Any CPU
		{C3F552D8-3233-4A36-AE4E-C2E25D147CC6}.Debug|Any CPU.ActiveCfg = Debug|Any CPU
		{C3F552D8-3233-4A36-AE4E-C2E25D147CC6}.Debug|Any CPU.Build.0 = Debug|Any CPU
		{C3F552D8-3233-4A36-AE4E-C2E25D147CC6}.Release|Any CPU.ActiveCfg = Release|Any CPU
		{C3F552D8-3233-4A36-AE4E-C2E25D147CC6}.Release|Any CPU.Build.0 = Release|Any CPU
		{B3A1A1C6-B222-4928-A2C5-8E3837BE02AF}.Debug|Any CPU.ActiveCfg = Debug|Any CPU
		{B3A1A1C6-B222-4928-A2C5-8E3837BE02AF}.Debug|Any CPU.Build.0 = Debug|Any CPU
		{B3A1A1C6-B222-4928-A2C5-8E3837BE02AF}.Release|Any CPU.ActiveCfg = Release|Any CPU
		{B3A1A1C6-B222-4928-A2C5-8E3837BE02AF}.Release|Any CPU.Build.0 = Release|Any CPU
		{63A3D806-5155-4946-B4F0-EEBE31FFC617}.Debug|Any CPU.ActiveCfg = Debug|Any CPU
		{63A3D806-5155-4946-B4F0-EEBE31FFC617}.Debug|Any CPU.Build.0 = Debug|Any CPU
		{63A3D806-5155-4946-B4F0-EEBE31FFC617}.Release|Any CPU.ActiveCfg = Release|Any CPU
		{63A3D806-5155-4946-B4F0-EEBE31FFC617}.Release|Any CPU.Build.0 = Release|Any CPU
		{CE8B8725-C42A-4003-B8C7-502A6CFEDF4E}.Debug|Any CPU.ActiveCfg = Debug|Any CPU
		{CE8B8725-C42A-4003-B8C7-502A6CFEDF4E}.Debug|Any CPU.Build.0 = Debug|Any CPU
		{CE8B8725-C42A-4003-B8C7-502A6CFEDF4E}.Release|Any CPU.ActiveCfg = Release|Any CPU
		{CE8B8725-C42A-4003-B8C7-502A6CFEDF4E}.Release|Any CPU.Build.0 = Release|Any CPU
	EndGlobalSection
	GlobalSection(SolutionProperties) = preSolution
		HideSolutionNode = FALSE
	EndGlobalSection
	GlobalSection(NestedProjects) = preSolution
		{A7D65B0F-7DB2-41D2-92FA-8ED52D09E470} = {DE803BD1-863A-44A5-A787-6E7EA43E4D50}
		{200D4452-FEEB-441D-A4A6-AC9DF71ABBA2} = {15CC5967-3587-4B6E-A88F-642D8B0933AA}
		{DE803BD1-863A-44A5-A787-6E7EA43E4D50} = {DCADAACB-ED1B-42C3-8397-35DCD99D42BC}
		{15CC5967-3587-4B6E-A88F-642D8B0933AA} = {DCADAACB-ED1B-42C3-8397-35DCD99D42BC}
		{3C2B6484-0DD4-4B29-951B-015C3E35880F} = {DCADAACB-ED1B-42C3-8397-35DCD99D42BC}
		{FD977842-D28A-4451-939A-A20CDD82B6A3} = {DE803BD1-863A-44A5-A787-6E7EA43E4D50}
		{24686929-5C1D-478E-AE0A-222539D44D44} = {DE803BD1-863A-44A5-A787-6E7EA43E4D50}
		{4A2651B8-8C62-4BA6-A2B2-870F29E49727} = {DE803BD1-863A-44A5-A787-6E7EA43E4D50}
		{1CCA07F7-AB40-44DC-B5BD-9071FE2FFEB7} = {DCADAACB-ED1B-42C3-8397-35DCD99D42BC}
		{49C9D4A9-E37C-42A4-A756-66934DCC0354} = {1CCA07F7-AB40-44DC-B5BD-9071FE2FFEB7}
		{DDFC4059-1EB0-4BEB-98DA-A8F2E06F8362} = {1CCA07F7-AB40-44DC-B5BD-9071FE2FFEB7}
		{026A9D22-C4F7-4B12-8139-1077C8947AE0} = {1CCA07F7-AB40-44DC-B5BD-9071FE2FFEB7}
		{93E055AE-9952-4739-9FB1-DAD1A2D83447} = {1CCA07F7-AB40-44DC-B5BD-9071FE2FFEB7}
		{BA051392-78D6-4F1E-97CD-43320715B990} = {15CC5967-3587-4B6E-A88F-642D8B0933AA}
		{86F9FF07-BE5F-4262-A373-4DB7FF8DD8D7} = {15CC5967-3587-4B6E-A88F-642D8B0933AA}
		{C3F552D8-3233-4A36-AE4E-C2E25D147CC6} = {15CC5967-3587-4B6E-A88F-642D8B0933AA}
		{B3A1A1C6-B222-4928-A2C5-8E3837BE02AF} = {3C2B6484-0DD4-4B29-951B-015C3E35880F}
		{BD8848A7-5716-49F2-A657-661154D961D8} = {DCADAACB-ED1B-42C3-8397-35DCD99D42BC}
		{63A3D806-5155-4946-B4F0-EEBE31FFC617} = {BD8848A7-5716-49F2-A657-661154D961D8}
		{CE8B8725-C42A-4003-B8C7-502A6CFEDF4E} = {EB27665C-37C1-45F5-A0E0-972985AA8016}
	EndGlobalSection
	GlobalSection(ExtensibilityGlobals) = postSolution
		SolutionGuid = {16789650-3D98-4EA1-9A20-6C41B975FB3B}
	EndGlobalSection
EndGlobal
